
Microsoft Visual Studio Solution File, Format Version 12.00
# Visual Studio Version 17
VisualStudioVersion = 17.14.36202.13 d17.14
MinimumVisualStudioVersion = 10.0.40219.1
Project("{FAE04EC0-301F-11D3-BF4B-00C04F79EFBC}") = "YooVisitUserAPI", "YooVisitUserAPI\YooVisitUserAPI.csproj", "{1BB8261E-C5A3-49E6-9590-726DE9488704}"
EndProject
Global
	GlobalSection(SolutionConfigurationPlatforms) = preSolution
		Debug|Any CPU = Debug|Any CPU
		Release|Any CPU = Release|Any CPU
	EndGlobalSection
	GlobalSection(ProjectConfigurationPlatforms) = postSolution
		{1BB8261E-C5A3-49E6-9590-726DE9488704}.Debug|Any CPU.ActiveCfg = Debug|Any CPU
		{1BB8261E-C5A3-49E6-9590-726DE9488704}.Debug|Any CPU.Build.0 = Debug|Any CPU
		{1BB8261E-C5A3-49E6-9590-726DE9488704}.Release|Any CPU.ActiveCfg = Release|Any CPU
		{1BB8261E-C5A3-49E6-9590-726DE9488704}.Release|Any CPU.Build.0 = Release|Any CPU
	EndGlobalSection
	GlobalSection(SolutionProperties) = preSolution
		HideSolutionNode = FALSE
	EndGlobalSection
	GlobalSection(ExtensibilityGlobals) = postSolution
		SolutionGuid = {F13309C5-DA26-4E4F-8313-94C6B57DD4A4}
	EndGlobalSection
EndGlobal
